
Microsoft Visual Studio Solution File, Format Version 12.00
# Visual Studio 15
VisualStudioVersion = 15.0.27428.2037
MinimumVisualStudioVersion = 10.0.40219.1
Project("{9A19103F-16F7-4668-BE54-9A1E7A4F7556}") = "DutchTreat", "DutchTreat\DutchTreat.csproj", "{38CE5A7F-2C49-4074-AFD5-3D1C07C30A03}"
EndProject
Global
	GlobalSection(SolutionConfigurationPlatforms) = preSolution
		Debug|Any CPU = Debug|Any CPU
		Release|Any CPU = Release|Any CPU
	EndGlobalSection
	GlobalSection(ProjectConfigurationPlatforms) = postSolution
		{38CE5A7F-2C49-4074-AFD5-3D1C07C30A03}.Debug|Any CPU.ActiveCfg = Debug|Any CPU
		{38CE5A7F-2C49-4074-AFD5-3D1C07C30A03}.Debug|Any CPU.Build.0 = Debug|Any CPU
		{38CE5A7F-2C49-4074-AFD5-3D1C07C30A03}.Release|Any CPU.ActiveCfg = Release|Any CPU
		{38CE5A7F-2C49-4074-AFD5-3D1C07C30A03}.Release|Any CPU.Build.0 = Release|Any CPU
	EndGlobalSection
	GlobalSection(SolutionProperties) = preSolution
		HideSolutionNode = FALSE
	EndGlobalSection
	GlobalSection(ExtensibilityGlobals) = postSolution
		SolutionGuid = {F837FEF3-E2C0-44A3-8559-3BE9D52FC00C}
	EndGlobalSection
EndGlobal
